{
  "requires": true,
  "lockfileVersion": 1,
  "dependencies": {
    "core-js": {
      "version": "3.6.5",
      "resolved": "https://registry.npmjs.org/core-js/-/core-js-3.6.5.tgz",
      "integrity": "sha1-c5XcJzrzf7LlDpvT2f6EEoUjHRo="
    },
    "promise-duplex": {
      "version": "5.0.3",
      "resolved": "https://registry.npmjs.org/promise-duplex/-/promise-duplex-5.0.3.tgz",
      "integrity": "sha1-krK7DGyZa+01Qh4IvxgyuOrE2Ew=",
      "requires": {
        "core-js": "^3.6.1",
        "promise-readable": "^5.0.4",
        "promise-writable": "^5.0.4"
      }
    },
    "promise-readable": {
      "version": "5.0.4",
      "resolved": "https://registry.npmjs.org/promise-readable/-/promise-readable-5.0.4.tgz",
      "integrity": "sha1-X3H6hnPlQLc+Wv5iwGefoiUadQE=",
      "requires": {
        "core-js": "^3.6.1"
      }
    },
    "promise-socket": {
      "version": "6.0.3",
      "resolved": "https://registry.npmjs.org/promise-socket/-/promise-socket-6.0.3.tgz",
      "integrity": "sha1-kFN8aj6bnh/qB+fYlRhrERCGMAI=",
      "requires": {
        "promise-duplex": "^5.0.3",
        "tslib": "^1.10.0"
      }
    },
    "promise-writable": {
      "version": "5.0.4",
      "resolved": "https://registry.npmjs.org/promise-writable/-/promise-writable-5.0.4.tgz",
      "integrity": "sha1-rNZFY8oK2phr4AbhIL67UORnYKQ="
    },
    "tslib": {
      "version": "1.13.0",
      "resolved": "https://registry.npmjs.org/tslib/-/tslib-1.13.0.tgz",
      "integrity": "sha1-yIHhPMcBWJTtkUhi0nZDb6mkcEM="
    }
  }
}
